
Microsoft Visual Studio Solution File, Format Version 12.00
# Visual Studio Version 16
VisualStudioVersion = 16.0.29806.167
MinimumVisualStudioVersion = 10.0.40219.1
Project("{8BC9CEB8-8B4A-11D0-8D11-00A0C91BC942}") = "Compressor", "Compressor\Compressor.vcxproj", "{901E6DE2-A356-4124-B547-B21904513219}"
EndProject
Global
	GlobalSection(SolutionConfigurationPlatforms) = preSolution
		Debug|x64 = Debug|x64
		Debug|x86 = Debug|x86
		Release|x64 = Release|x64
		Release|x86 = Release|x86
	EndGlobalSection
	GlobalSection(ProjectConfigurationPlatforms) = postSolution
		{901E6DE2-A356-4124-B547-B21904513219}.Debug|x64.ActiveCfg = Debug|x64
		{901E6DE2-A356-4124-B547-B21904513219}.Debug|x64.Build.0 = Debug|x64
		{901E6DE2-A356-4124-B547-B21904513219}.Debug|x86.ActiveCfg = Debug|Win32
		{901E6DE2-A356-4124-B547-B21904513219}.Debug|x86.Build.0 = Debug|Win32
		{901E6DE2-A356-4124-B547-B21904513219}.Release|x64.ActiveCfg = Release|x64
		{901E6DE2-A356-4124-B547-B21904513219}.Release|x64.Build.0 = Release|x64
		{901E6DE2-A356-4124-B547-B21904513219}.Release|x86.ActiveCfg = Release|Win32
		{901E6DE2-A356-4124-B547-B21904513219}.Release|x86.Build.0 = Release|Win32
	EndGlobalSection
	GlobalSection(SolutionProperties) = preSolution
		HideSolutionNode = FALSE
	EndGlobalSection
	GlobalSection(ExtensibilityGlobals) = postSolution
		SolutionGuid = {1993F045-85D6-46B5-AB8B-9417B8A86866}
	EndGlobalSection
EndGlobal
